
Microsoft Visual Studio Solution File, Format Version 12.00
# Visual Studio Version 17
VisualStudioVersion = 17.11.35312.102
MinimumVisualStudioVersion = 10.0.40219.1
Project("{FAE04EC0-301F-11D3-BF4B-00C04F79EFBC}") = "LoadNortwindOrders.Data", "LoadNortwindOrders.Data\LoadNortwindOrders.Data.csproj", "{4D3B671B-EA49-4682-94B5-83DD6D5DC4FB}"
EndProject
Project("{FAE04EC0-301F-11D3-BF4B-00C04F79EFBC}") = "LoadNortwindOrders.WorkerService", "LoadNortwindOrders.WorkerService\LoadNortwindOrders.WorkerService.csproj", "{9863B7DE-BEE8-490C-868A-1D8C36D870D6}"
EndProject
Global
	GlobalSection(SolutionConfigurationPlatforms) = preSolution
		Debug|Any CPU = Debug|Any CPU
		Release|Any CPU = Release|Any CPU
	EndGlobalSection
	GlobalSection(ProjectConfigurationPlatforms) = postSolution
		{4D3B671B-EA49-4682-94B5-83DD6D5DC4FB}.Debug|Any CPU.ActiveCfg = Debug|Any CPU
		{4D3B671B-EA49-4682-94B5-83DD6D5DC4FB}.Debug|Any CPU.Build.0 = Debug|Any CPU
		{4D3B671B-EA49-4682-94B5-83DD6D5DC4FB}.Release|Any CPU.ActiveCfg = Release|Any CPU
		{4D3B671B-EA49-4682-94B5-83DD6D5DC4FB}.Release|Any CPU.Build.0 = Release|Any CPU
		{9863B7DE-BEE8-490C-868A-1D8C36D870D6}.Debug|Any CPU.ActiveCfg = Debug|Any CPU
		{9863B7DE-BEE8-490C-868A-1D8C36D870D6}.Debug|Any CPU.Build.0 = Debug|Any CPU
		{9863B7DE-BEE8-490C-868A-1D8C36D870D6}.Release|Any CPU.ActiveCfg = Release|Any CPU
		{9863B7DE-BEE8-490C-868A-1D8C36D870D6}.Release|Any CPU.Build.0 = Release|Any CPU
	EndGlobalSection
	GlobalSection(SolutionProperties) = preSolution
		HideSolutionNode = FALSE
	EndGlobalSection
	GlobalSection(ExtensibilityGlobals) = postSolution
		SolutionGuid = {DD308A8C-4798-4715-9591-ED9963EEF38E}
	EndGlobalSection
EndGlobal
